// !$*UTF8*$!
{
	archiveVersion = 1;
	classes = {
	};
	objectVersion = 46;
	objects = {

/* Begin PBXBuildFile section */
		E01846EE1870C69B00CE7816 /* Categories@2x.png in Resources */ = {isa = PBXBuildFile; fileRef = E01846EC1870C69B00CE7816 /* Categories@2x.png */; };
		E01846EF1870C69B00CE7816 /* Categories.png in Resources */ = {isa = PBXBuildFile; fileRef = E01846ED1870C69B00CE7816 /* Categories.png */; };
		E01846F21870C93700CE7816 /* YHStoreDetailsViewController.m in Sources */ = {isa = PBXBuildFile; fileRef = E01846F11870C93700CE7816 /* YHStoreDetailsViewController.m */; };
		E01846F8187109C400CE7816 /* YHCategoryTableViewController.m in Sources */ = {isa = PBXBuildFile; fileRef = E01846F7187109C400CE7816 /* YHCategoryTableViewController.m */; };
		E03FF035186E14850051C1A0 /* YHStoreDetailCell.m in Sources */ = {isa = PBXBuildFile; fileRef = E03FF034186E14850051C1A0 /* YHStoreDetailCell.m */; };
		E05321501868CCDC008CE716 /* YHDataManager.m in Sources */ = {isa = PBXBuildFile; fileRef = E053214F1868CCDC008CE716 /* YHDataManager.m */; };
		E090452B1867C10500FA81B4 /* Foundation.framework in Frameworks */ = {isa = PBXBuildFile; fileRef = E090452A1867C10500FA81B4 /* Foundation.framework */; };
		E090452D1867C10500FA81B4 /* CoreGraphics.framework in Frameworks */ = {isa = PBXBuildFile; fileRef = E090452C1867C10500FA81B4 /* CoreGraphics.framework */; };
		E090452F1867C10500FA81B4 /* UIKit.framework in Frameworks */ = {isa = PBXBuildFile; fileRef = E090452E1867C10500FA81B4 /* UIKit.framework */; };
		E09045351867C10500FA81B4 /* InfoPlist.strings in Resources */ = {isa = PBXBuildFile; fileRef = E09045331867C10500FA81B4 /* InfoPlist.strings */; };
		E09045371867C10500FA81B4 /* main.m in Sources */ = {isa = PBXBuildFile; fileRef = E09045361867C10500FA81B4 /* main.m */; };
		E090453B1867C10500FA81B4 /* YHAppDelegate.m in Sources */ = {isa = PBXBuildFile; fileRef = E090453A1867C10500FA81B4 /* YHAppDelegate.m */; };
		E090453E1867C10500FA81B4 /* Main_iPhone.storyboard in Resources */ = {isa = PBXBuildFile; fileRef = E090453C1867C10500FA81B4 /* Main_iPhone.storyboard */; };
		E09045411867C10500FA81B4 /* Main_iPad.storyboard in Resources */ = {isa = PBXBuildFile; fileRef = E090453F1867C10500FA81B4 /* Main_iPad.storyboard */; };
		E09045461867C10500FA81B4 /* Images.xcassets in Resources */ = {isa = PBXBuildFile; fileRef = E09045451867C10500FA81B4 /* Images.xcassets */; };
		E090454D1867C10500FA81B4 /* XCTest.framework in Frameworks */ = {isa = PBXBuildFile; fileRef = E090454C1867C10500FA81B4 /* XCTest.framework */; };
		E090454E1867C10500FA81B4 /* Foundation.framework in Frameworks */ = {isa = PBXBuildFile; fileRef = E090452A1867C10500FA81B4 /* Foundation.framework */; };
		E090454F1867C10500FA81B4 /* UIKit.framework in Frameworks */ = {isa = PBXBuildFile; fileRef = E090452E1867C10500FA81B4 /* UIKit.framework */; };
		E09045571867C10500FA81B4 /* InfoPlist.strings in Resources */ = {isa = PBXBuildFile; fileRef = E09045551867C10500FA81B4 /* InfoPlist.strings */; };
		E09045591867C10500FA81B4 /* yawhideTests.m in Sources */ = {isa = PBXBuildFile; fileRef = E09045581867C10500FA81B4 /* yawhideTests.m */; };
		E09045651867C2F100FA81B4 /* reveal-icon.png in Resources */ = {isa = PBXBuildFile; fileRef = E09045631867C2F100FA81B4 /* reveal-icon.png */; };
		E09045661867C2F100FA81B4 /* reveal-icon@2x.png in Resources */ = {isa = PBXBuildFile; fileRef = E09045641867C2F100FA81B4 /* reveal-icon@2x.png */; };
		E090456A1867C31600FA81B4 /* SWRevealViewController.m in Sources */ = {isa = PBXBuildFile; fileRef = E09045691867C31600FA81B4 /* SWRevealViewController.m */; };
		E090456D1867C39E00FA81B4 /* YHSideBarTableViewController.m in Sources */ = {isa = PBXBuildFile; fileRef = E090456C1867C39E00FA81B4 /* YHSideBarTableViewController.m */; };
		E09045761867CE3900FA81B4 /* YHMenuCell.m in Sources */ = {isa = PBXBuildFile; fileRef = E09045751867CE3900FA81B4 /* YHMenuCell.m */; };
		E09045781867E1E500FA81B4 /* CoreLocation.framework in Frameworks */ = {isa = PBXBuildFile; fileRef = E09045771867E1E500FA81B4 /* CoreLocation.framework */; };
		E090457A1867E1EB00FA81B4 /* MapKit.framework in Frameworks */ = {isa = PBXBuildFile; fileRef = E09045791867E1EB00FA81B4 /* MapKit.framework */; };
		E090457D1867E30100FA81B4 /* YHStoreViewTableViewController.m in Sources */ = {isa = PBXBuildFile; fileRef = E090457C1867E30100FA81B4 /* YHStoreViewTableViewController.m */; };
		E09045801867E65400FA81B4 /* YHPostalFinderViewController.m in Sources */ = {isa = PBXBuildFile; fileRef = E090457F1867E65400FA81B4 /* YHPostalFinderViewController.m */; };
		E0FE459B18722C8F009A9780 /* YHRightCategoryCell.m in Sources */ = {isa = PBXBuildFile; fileRef = E0FE459A18722C8F009A9780 /* YHRightCategoryCell.m */; };
		E0FF765F186E0C11000F656A /* YHStoreCell.m in Sources */ = {isa = PBXBuildFile; fileRef = E0FF765E186E0C11000F656A /* YHStoreCell.m */; };
/* End PBXBuildFile section */

/* Begin PBXContainerItemProxy section */
		E09045501867C10500FA81B4 /* PBXContainerItemProxy */ = {
			isa = PBXContainerItemProxy;
			containerPortal = E090451F1867C10500FA81B4 /* Project object */;
			proxyType = 1;
			remoteGlobalIDString = E09045261867C10500FA81B4;
			remoteInfo = yawhide;
		};
/* End PBXContainerItemProxy section */

/* Begin PBXFileReference section */
		E01846EC1870C69B00CE7816 /* Categories@2x.png */ = {isa = PBXFileReference; lastKnownFileType = image.png; path = "Categories@2x.png"; sourceTree = "<group>"; };
		E01846ED1870C69B00CE7816 /* Categories.png */ = {isa = PBXFileReference; lastKnownFileType = image.png; path = Categories.png; sourceTree = "<group>"; };
		E01846F01870C93700CE7816 /* YHStoreDetailsViewController.h */ = {isa = PBXFileReference; fileEncoding = 4; lastKnownFileType = sourcecode.c.h; path = YHStoreDetailsViewController.h; sourceTree = "<group>"; };
		E01846F11870C93700CE7816 /* YHStoreDetailsViewController.m */ = {isa = PBXFileReference; fileEncoding = 4; lastKnownFileType = sourcecode.c.objc; path = YHStoreDetailsViewController.m; sourceTree = "<group>"; };
		E01846F6187109C400CE7816 /* YHCategoryTableViewController.h */ = {isa = PBXFileReference; fileEncoding = 4; lastKnownFileType = sourcecode.c.h; path = YHCategoryTableViewController.h; sourceTree = "<group>"; };
		E01846F7187109C400CE7816 /* YHCategoryTableViewController.m */ = {isa = PBXFileReference; fileEncoding = 4; lastKnownFileType = sourcecode.c.objc; path = YHCategoryTableViewController.m; sourceTree = "<group>"; };
		E03FF033186E14850051C1A0 /* YHStoreDetailCell.h */ = {isa = PBXFileReference; fileEncoding = 4; lastKnownFileType = sourcecode.c.h; path = YHStoreDetailCell.h; sourceTree = "<group>"; };
		E03FF034186E14850051C1A0 /* YHStoreDetailCell.m */ = {isa = PBXFileReference; fileEncoding = 4; lastKnownFileType = sourcecode.c.objc; path = YHStoreDetailCell.m; sourceTree = "<group>"; };
		E053214E1868CCDC008CE716 /* YHDataManager.h */ = {isa = PBXFileReference; fileEncoding = 4; lastKnownFileType = sourcecode.c.h; path = YHDataManager.h; sourceTree = "<group>"; };
		E053214F1868CCDC008CE716 /* YHDataManager.m */ = {isa = PBXFileReference; fileEncoding = 4; lastKnownFileType = sourcecode.c.objc; path = YHDataManager.m; sourceTree = "<group>"; };
		E09045271867C10500FA81B4 /* yawhide.app */ = {isa = PBXFileReference; explicitFileType = wrapper.application; includeInIndex = 0; path = yawhide.app; sourceTree = BUILT_PRODUCTS_DIR; };
		E090452A1867C10500FA81B4 /* Foundation.framework */ = {isa = PBXFileReference; lastKnownFileType = wrapper.framework; name = Foundation.framework; path = System/Library/Frameworks/Foundation.framework; sourceTree = SDKROOT; };
		E090452C1867C10500FA81B4 /* CoreGraphics.framework */ = {isa = PBXFileReference; lastKnownFileType = wrapper.framework; name = CoreGraphics.framework; path = System/Library/Frameworks/CoreGraphics.framework; sourceTree = SDKROOT; };
		E090452E1867C10500FA81B4 /* UIKit.framework */ = {isa = PBXFileReference; lastKnownFileType = wrapper.framework; name = UIKit.framework; path = System/Library/Frameworks/UIKit.framework; sourceTree = SDKROOT; };
		E09045321867C10500FA81B4 /* yawhide-Info.plist */ = {isa = PBXFileReference; lastKnownFileType = text.plist.xml; path = "yawhide-Info.plist"; sourceTree = "<group>"; };
		E09045341867C10500FA81B4 /* en */ = {isa = PBXFileReference; lastKnownFileType = text.plist.strings; name = en; path = en.lproj/InfoPlist.strings; sourceTree = "<group>"; };
		E09045361867C10500FA81B4 /* main.m */ = {isa = PBXFileReference; lastKnownFileType = sourcecode.c.objc; path = main.m; sourceTree = "<group>"; };
		E09045381867C10500FA81B4 /* yawhide-Prefix.pch */ = {isa = PBXFileReference; lastKnownFileType = sourcecode.c.h; path = "yawhide-Prefix.pch"; sourceTree = "<group>"; };
		E09045391867C10500FA81B4 /* YHAppDelegate.h */ = {isa = PBXFileReference; lastKnownFileType = sourcecode.c.h; path = YHAppDelegate.h; sourceTree = "<group>"; };
		E090453A1867C10500FA81B4 /* YHAppDelegate.m */ = {isa = PBXFileReference; lastKnownFileType = sourcecode.c.objc; path = YHAppDelegate.m; sourceTree = "<group>"; };
		E090453D1867C10500FA81B4 /* Base */ = {isa = PBXFileReference; lastKnownFileType = file.storyboard; name = Base; path = Base.lproj/Main_iPhone.storyboard; sourceTree = "<group>"; };
		E09045401867C10500FA81B4 /* Base */ = {isa = PBXFileReference; lastKnownFileType = file.storyboard; name = Base; path = Base.lproj/Main_iPad.storyboard; sourceTree = "<group>"; };
		E09045451867C10500FA81B4 /* Images.xcassets */ = {isa = PBXFileReference; lastKnownFileType = folder.assetcatalog; path = Images.xcassets; sourceTree = "<group>"; };
		E090454B1867C10500FA81B4 /* yawhideTests.xctest */ = {isa = PBXFileReference; explicitFileType = wrapper.cfbundle; includeInIndex = 0; path = yawhideTests.xctest; sourceTree = BUILT_PRODUCTS_DIR; };
		E090454C1867C10500FA81B4 /* XCTest.framework */ = {isa = PBXFileReference; lastKnownFileType = wrapper.framework; name = XCTest.framework; path = Library/Frameworks/XCTest.framework; sourceTree = DEVELOPER_DIR; };
		E09045541867C10500FA81B4 /* yawhideTests-Info.plist */ = {isa = PBXFileReference; lastKnownFileType = text.plist.xml; path = "yawhideTests-Info.plist"; sourceTree = "<group>"; };
		E09045561867C10500FA81B4 /* en */ = {isa = PBXFileReference; lastKnownFileType = text.plist.strings; name = en; path = en.lproj/InfoPlist.strings; sourceTree = "<group>"; };
		E09045581867C10500FA81B4 /* yawhideTests.m */ = {isa = PBXFileReference; lastKnownFileType = sourcecode.c.objc; path = yawhideTests.m; sourceTree = "<group>"; };
		E09045631867C2F100FA81B4 /* reveal-icon.png */ = {isa = PBXFileReference; lastKnownFileType = image.png; path = "reveal-icon.png"; sourceTree = "<group>"; };
		E09045641867C2F100FA81B4 /* reveal-icon@2x.png */ = {isa = PBXFileReference; lastKnownFileType = image.png; path = "reveal-icon@2x.png"; sourceTree = "<group>"; };
		E09045681867C31600FA81B4 /* SWRevealViewController.h */ = {isa = PBXFileReference; fileEncoding = 4; lastKnownFileType = sourcecode.c.h; path = SWRevealViewController.h; sourceTree = "<group>"; };
		E09045691867C31600FA81B4 /* SWRevealViewController.m */ = {isa = PBXFileReference; fileEncoding = 4; lastKnownFileType = sourcecode.c.objc; path = SWRevealViewController.m; sourceTree = "<group>"; };
		E090456B1867C39E00FA81B4 /* YHSideBarTableViewController.h */ = {isa = PBXFileReference; fileEncoding = 4; lastKnownFileType = sourcecode.c.h; path = YHSideBarTableViewController.h; sourceTree = "<group>"; };
		E090456C1867C39E00FA81B4 /* YHSideBarTableViewController.m */ = {isa = PBXFileReference; fileEncoding = 4; lastKnownFileType = sourcecode.c.objc; path = YHSideBarTableViewController.m; sourceTree = "<group>"; };
		E09045741867CE3900FA81B4 /* YHMenuCell.h */ = {isa = PBXFileReference; fileEncoding = 4; lastKnownFileType = sourcecode.c.h; path = YHMenuCell.h; sourceTree = "<group>"; };
		E09045751867CE3900FA81B4 /* YHMenuCell.m */ = {isa = PBXFileReference; fileEncoding = 4; lastKnownFileType = sourcecode.c.objc; path = YHMenuCell.m; sourceTree = "<group>"; };
		E09045771867E1E500FA81B4 /* CoreLocation.framework */ = {isa = PBXFileReference; lastKnownFileType = wrapper.framework; name = CoreLocation.framework; path = System/Library/Frameworks/CoreLocation.framework; sourceTree = SDKROOT; };
		E09045791867E1EB00FA81B4 /* MapKit.framework */ = {isa = PBXFileReference; lastKnownFileType = wrapper.framework; name = MapKit.framework; path = System/Library/Frameworks/MapKit.framework; sourceTree = SDKROOT; };
		E090457B1867E30100FA81B4 /* YHStoreViewTableViewController.h */ = {isa = PBXFileReference; fileEncoding = 4; lastKnownFileType = sourcecode.c.h; path = YHStoreViewTableViewController.h; sourceTree = "<group>"; };
		E090457C1867E30100FA81B4 /* YHStoreViewTableViewController.m */ = {isa = PBXFileReference; fileEncoding = 4; lastKnownFileType = sourcecode.c.objc; path = YHStoreViewTableViewController.m; sourceTree = "<group>"; };
		E090457E1867E65400FA81B4 /* YHPostalFinderViewController.h */ = {isa = PBXFileReference; fileEncoding = 4; lastKnownFileType = sourcecode.c.h; path = YHPostalFinderViewController.h; sourceTree = "<group>"; };
		E090457F1867E65400FA81B4 /* YHPostalFinderViewController.m */ = {isa = PBXFileReference; fileEncoding = 4; lastKnownFileType = sourcecode.c.objc; path = YHPostalFinderViewController.m; sourceTree = "<group>"; };
		E0FE459918722C8F009A9780 /* YHRightCategoryCell.h */ = {isa = PBXFileReference; fileEncoding = 4; lastKnownFileType = sourcecode.c.h; path = YHRightCategoryCell.h; sourceTree = "<group>"; };
		E0FE459A18722C8F009A9780 /* YHRightCategoryCell.m */ = {isa = PBXFileReference; fileEncoding = 4; lastKnownFileType = sourcecode.c.objc; path = YHRightCategoryCell.m; sourceTree = "<group>"; };
		E0FF765D186E0C11000F656A /* YHStoreCell.h */ = {isa = PBXFileReference; fileEncoding = 4; lastKnownFileType = sourcecode.c.h; path = YHStoreCell.h; sourceTree = "<group>"; };
		E0FF765E186E0C11000F656A /* YHStoreCell.m */ = {isa = PBXFileReference; fileEncoding = 4; lastKnownFileType = sourcecode.c.objc; path = YHStoreCell.m; sourceTree = "<group>"; };
/* End PBXFileReference section */

/* Begin PBXFrameworksBuildPhase section */
		E09045241867C10500FA81B4 /* Frameworks */ = {
			isa = PBXFrameworksBuildPhase;
			buildActionMask = 2147483647;
			files = (
				E090457A1867E1EB00FA81B4 /* MapKit.framework in Frameworks */,
				E09045781867E1E500FA81B4 /* CoreLocation.framework in Frameworks */,
				E090452D1867C10500FA81B4 /* CoreGraphics.framework in Frameworks */,
				E090452F1867C10500FA81B4 /* UIKit.framework in Frameworks */,
				E090452B1867C10500FA81B4 /* Foundation.framework in Frameworks */,
			);
			runOnlyForDeploymentPostprocessing = 0;
		};
		E09045481867C10500FA81B4 /* Frameworks */ = {
			isa = PBXFrameworksBuildPhase;
			buildActionMask = 2147483647;
			files = (
				E090454D1867C10500FA81B4 /* XCTest.framework in Frameworks */,
				E090454F1867C10500FA81B4 /* UIKit.framework in Frameworks */,
				E090454E1867C10500FA81B4 /* Foundation.framework in Frameworks */,
			);
			runOnlyForDeploymentPostprocessing = 0;
		};
/* End PBXFrameworksBuildPhase section */

/* Begin PBXGroup section */
		E01846F51871097D00CE7816 /* Right Side Bar Categories */ = {
			isa = PBXGroup;
			children = (
				E01846F6187109C400CE7816 /* YHCategoryTableViewController.h */,
				E01846F7187109C400CE7816 /* YHCategoryTableViewController.m */,
				E0FE459918722C8F009A9780 /* YHRightCategoryCell.h */,
				E0FE459A18722C8F009A9780 /* YHRightCategoryCell.m */,
			);
			name = "Right Side Bar Categories";
			sourceTree = "<group>";
		};
		E03FF02C186E131B0051C1A0 /* Left Side Bar */ = {
			isa = PBXGroup;
			children = (
				E090456B1867C39E00FA81B4 /* YHSideBarTableViewController.h */,
				E090456C1867C39E00FA81B4 /* YHSideBarTableViewController.m */,
				E09045741867CE3900FA81B4 /* YHMenuCell.h */,
				E09045751867CE3900FA81B4 /* YHMenuCell.m */,
			);
			name = "Left Side Bar";
			sourceTree = "<group>";
		};
		E03FF02D186E133C0051C1A0 /* Stores */ = {
			isa = PBXGroup;
			children = (
				E090457B1867E30100FA81B4 /* YHStoreViewTableViewController.h */,
				E090457C1867E30100FA81B4 /* YHStoreViewTableViewController.m */,
				E0FF765D186E0C11000F656A /* YHStoreCell.h */,
				E0FF765E186E0C11000F656A /* YHStoreCell.m */,
			);
			name = Stores;
			sourceTree = "<group>";
		};
		E03FF02E186E13570051C1A0 /* Location Modal */ = {
			isa = PBXGroup;
			children = (
				E090457E1867E65400FA81B4 /* YHPostalFinderViewController.h */,
				E090457F1867E65400FA81B4 /* YHPostalFinderViewController.m */,
			);
			name = "Location Modal";
			sourceTree = "<group>";
		};
		E03FF02F186E13BC0051C1A0 /* Store Details */ = {
			isa = PBXGroup;
			children = (
				E01846F01870C93700CE7816 /* YHStoreDetailsViewController.h */,
				E01846F11870C93700CE7816 /* YHStoreDetailsViewController.m */,
				E03FF033186E14850051C1A0 /* YHStoreDetailCell.h */,
				E03FF034186E14850051C1A0 /* YHStoreDetailCell.m */,
			);
			name = "Store Details";
			sourceTree = "<group>";
		};
		E053214D1868CC8D008CE716 /* Helpers */ = {
			isa = PBXGroup;
			children = (
				E09045391867C10500FA81B4 /* YHAppDelegate.h */,
				E090453A1867C10500FA81B4 /* YHAppDelegate.m */,
				E053214E1868CCDC008CE716 /* YHDataManager.h */,
				E053214F1868CCDC008CE716 /* YHDataManager.m */,
			);
			name = Helpers;
			sourceTree = "<group>";
		};
		E090451E1867C10500FA81B4 = {
			isa = PBXGroup;
			children = (
				E09045301867C10500FA81B4 /* yawhide */,
				E09045671867C31600FA81B4 /* SWRevealViewController */,
				E09045521867C10500FA81B4 /* yawhideTests */,
				E09045291867C10500FA81B4 /* Frameworks */,
				E09045281867C10500FA81B4 /* Products */,
			);
			sourceTree = "<group>";
		};
		E09045281867C10500FA81B4 /* Products */ = {
			isa = PBXGroup;
			children = (
				E09045271867C10500FA81B4 /* yawhide.app */,
				E090454B1867C10500FA81B4 /* yawhideTests.xctest */,
			);
			name = Products;
			sourceTree = "<group>";
		};
		E09045291867C10500FA81B4 /* Frameworks */ = {
			isa = PBXGroup;
			children = (
				E09045791867E1EB00FA81B4 /* MapKit.framework */,
				E09045771867E1E500FA81B4 /* CoreLocation.framework */,
				E090452A1867C10500FA81B4 /* Foundation.framework */,
				E090452C1867C10500FA81B4 /* CoreGraphics.framework */,
				E090452E1867C10500FA81B4 /* UIKit.framework */,
				E090454C1867C10500FA81B4 /* XCTest.framework */,
			);
			name = Frameworks;
			sourceTree = "<group>";
		};
		E09045301867C10500FA81B4 /* yawhide */ = {
			isa = PBXGroup;
			children = (
				E090453C1867C10500FA81B4 /* Main_iPhone.storyboard */,
				E090453F1867C10500FA81B4 /* Main_iPad.storyboard */,
				E03FF02C186E131B0051C1A0 /* Left Side Bar */,
				E03FF02D186E133C0051C1A0 /* Stores */,
				E03FF02F186E13BC0051C1A0 /* Store Details */,
				E01846F51871097D00CE7816 /* Right Side Bar Categories */,
				E03FF02E186E13570051C1A0 /* Location Modal */,
				E09045451867C10500FA81B4 /* Images.xcassets */,
				E09045621867C2CC00FA81B4 /* Images */,
				E053214D1868CC8D008CE716 /* Helpers */,
				E09045311867C10500FA81B4 /* Supporting Files */,
			);
			path = yawhide;
			sourceTree = "<group>";
		};
		E09045311867C10500FA81B4 /* Supporting Files */ = {
			isa = PBXGroup;
			children = (
				E09045321867C10500FA81B4 /* yawhide-Info.plist */,
				E09045331867C10500FA81B4 /* InfoPlist.strings */,
				E09045361867C10500FA81B4 /* main.m */,
				E09045381867C10500FA81B4 /* yawhide-Prefix.pch */,
			);
			name = "Supporting Files";
			sourceTree = "<group>";
		};
		E09045521867C10500FA81B4 /* yawhideTests */ = {
			isa = PBXGroup;
			children = (
				E09045581867C10500FA81B4 /* yawhideTests.m */,
				E09045531867C10500FA81B4 /* Supporting Files */,
			);
			path = yawhideTests;
			sourceTree = "<group>";
		};
		E09045531867C10500FA81B4 /* Supporting Files */ = {
			isa = PBXGroup;
			children = (
				E09045541867C10500FA81B4 /* yawhideTests-Info.plist */,
				E09045551867C10500FA81B4 /* InfoPlist.strings */,
			);
			name = "Supporting Files";
			sourceTree = "<group>";
		};
		E09045621867C2CC00FA81B4 /* Images */ = {
			isa = PBXGroup;
			children = (
				E01846EC1870C69B00CE7816 /* Categories@2x.png */,
				E01846ED1870C69B00CE7816 /* Categories.png */,
				E09045631867C2F100FA81B4 /* reveal-icon.png */,
				E09045641867C2F100FA81B4 /* reveal-icon@2x.png */,
			);
			name = Images;
			sourceTree = "<group>";
		};
		E09045671867C31600FA81B4 /* SWRevealViewController */ = {
			isa = PBXGroup;
			children = (
				E09045681867C31600FA81B4 /* SWRevealViewController.h */,
				E09045691867C31600FA81B4 /* SWRevealViewController.m */,
			);
			name = SWRevealViewController;
			path = yawhide/SWRevealViewController;
			sourceTree = "<group>";
		};
/* End PBXGroup section */

/* Begin PBXNativeTarget section */
		E09045261867C10500FA81B4 /* yawhide */ = {
			isa = PBXNativeTarget;
			buildConfigurationList = E090455C1867C10500FA81B4 /* Build configuration list for PBXNativeTarget "yawhide" */;
			buildPhases = (
				E09045231867C10500FA81B4 /* Sources */,
				E09045241867C10500FA81B4 /* Frameworks */,
				E09045251867C10500FA81B4 /* Resources */,
			);
			buildRules = (
			);
			dependencies = (
			);
			name = yawhide;
			productName = yawhide;
			productReference = E09045271867C10500FA81B4 /* yawhide.app */;
			productType = "com.apple.product-type.application";
		};
		E090454A1867C10500FA81B4 /* yawhideTests */ = {
			isa = PBXNativeTarget;
			buildConfigurationList = E090455F1867C10500FA81B4 /* Build configuration list for PBXNativeTarget "yawhideTests" */;
			buildPhases = (
				E09045471867C10500FA81B4 /* Sources */,
				E09045481867C10500FA81B4 /* Frameworks */,
				E09045491867C10500FA81B4 /* Resources */,
			);
			buildRules = (
			);
			dependencies = (
				E09045511867C10500FA81B4 /* PBXTargetDependency */,
			);
			name = yawhideTests;
			productName = yawhideTests;
			productReference = E090454B1867C10500FA81B4 /* yawhideTests.xctest */;
			productType = "com.apple.product-type.bundle.unit-test";
		};
/* End PBXNativeTarget section */

/* Begin PBXProject section */
		E090451F1867C10500FA81B4 /* Project object */ = {
			isa = PBXProject;
			attributes = {
				LastUpgradeCheck = 0500;
				ORGANIZATIONNAME = "Darren Spriet";
				TargetAttributes = {
					E090454A1867C10500FA81B4 = {
						TestTargetID = E09045261867C10500FA81B4;
					};
				};
			};
			buildConfigurationList = E09045221867C10500FA81B4 /* Build configuration list for PBXProject "yawhide" */;
			compatibilityVersion = "Xcode 3.2";
			developmentRegion = English;
			hasScannedForEncodings = 0;
			knownRegions = (
				en,
				Base,
			);
			mainGroup = E090451E1867C10500FA81B4;
			productRefGroup = E09045281867C10500FA81B4 /* Products */;
			projectDirPath = "";
			projectRoot = "";
			targets = (
				E09045261867C10500FA81B4 /* yawhide */,
				E090454A1867C10500FA81B4 /* yawhideTests */,
			);
		};
/* End PBXProject section */

/* Begin PBXResourcesBuildPhase section */
		E09045251867C10500FA81B4 /* Resources */ = {
			isa = PBXResourcesBuildPhase;
			buildActionMask = 2147483647;
			files = (
				E09045411867C10500FA81B4 /* Main_iPad.storyboard in Resources */,
				E09045461867C10500FA81B4 /* Images.xcassets in Resources */,
				E09045661867C2F100FA81B4 /* reveal-icon@2x.png in Resources */,
				E090453E1867C10500FA81B4 /* Main_iPhone.storyboard in Resources */,
				E01846EE1870C69B00CE7816 /* Categories@2x.png in Resources */,
				E09045351867C10500FA81B4 /* InfoPlist.strings in Resources */,
				E09045651867C2F100FA81B4 /* reveal-icon.png in Resources */,
				E01846EF1870C69B00CE7816 /* Categories.png in Resources */,
			);
			runOnlyForDeploymentPostprocessing = 0;
		};
		E09045491867C10500FA81B4 /* Resources */ = {
			isa = PBXResourcesBuildPhase;
			buildActionMask = 2147483647;
			files = (
				E09045571867C10500FA81B4 /* InfoPlist.strings in Resources */,
			);
			runOnlyForDeploymentPostprocessing = 0;
		};
/* End PBXResourcesBuildPhase section */

/* Begin PBXSourcesBuildPhase section */
		E09045231867C10500FA81B4 /* Sources */ = {
			isa = PBXSourcesBuildPhase;
			buildActionMask = 2147483647;
			files = (
				E090456D1867C39E00FA81B4 /* YHSideBarTableViewController.m in Sources */,
				E09045801867E65400FA81B4 /* YHPostalFinderViewController.m in Sources */,
				E05321501868CCDC008CE716 /* YHDataManager.m in Sources */,
				E09045761867CE3900FA81B4 /* YHMenuCell.m in Sources */,
				E01846F8187109C400CE7816 /* YHCategoryTableViewController.m in Sources */,
				E090453B1867C10500FA81B4 /* YHAppDelegate.m in Sources */,
				E09045371867C10500FA81B4 /* main.m in Sources */,
				E090457D1867E30100FA81B4 /* YHStoreViewTableViewController.m in Sources */,
				E090456A1867C31600FA81B4 /* SWRevealViewController.m in Sources */,
				E0FF765F186E0C11000F656A /* YHStoreCell.m in Sources */,
				E01846F21870C93700CE7816 /* YHStoreDetailsViewController.m in Sources */,
				E0FE459B18722C8F009A9780 /* YHRightCategoryCell.m in Sources */,
				E03FF035186E14850051C1A0 /* YHStoreDetailCell.m in Sources */,
			);
			runOnlyForDeploymentPostprocessing = 0;
		};
		E09045471867C10500FA81B4 /* Sources */ = {
			isa = PBXSourcesBuildPhase;
			buildActionMask = 2147483647;
			files = (
				E09045591867C10500FA81B4 /* yawhideTests.m in Sources */,
			);
			runOnlyForDeploymentPostprocessing = 0;
		};
/* End PBXSourcesBuildPhase section */

/* Begin PBXTargetDependency section */
		E09045511867C10500FA81B4 /* PBXTargetDependency */ = {
			isa = PBXTargetDependency;
			target = E09045261867C10500FA81B4 /* yawhide */;
			targetProxy = E09045501867C10500FA81B4 /* PBXContainerItemProxy */;
		};
/* End PBXTargetDependency section */

/* Begin PBXVariantGroup section */
		E09045331867C10500FA81B4 /* InfoPlist.strings */ = {
			isa = PBXVariantGroup;
			children = (
				E09045341867C10500FA81B4 /* en */,
			);
			name = InfoPlist.strings;
			sourceTree = "<group>";
		};
		E090453C1867C10500FA81B4 /* Main_iPhone.storyboard */ = {
			isa = PBXVariantGroup;
			children = (
				E090453D1867C10500FA81B4 /* Base */,
			);
			name = Main_iPhone.storyboard;
			sourceTree = "<group>";
		};
		E090453F1867C10500FA81B4 /* Main_iPad.storyboard */ = {
			isa = PBXVariantGroup;
			children = (
				E09045401867C10500FA81B4 /* Base */,
			);
			name = Main_iPad.storyboard;
			sourceTree = "<group>";
		};
		E09045551867C10500FA81B4 /* InfoPlist.strings */ = {
			isa = PBXVariantGroup;
			children = (
				E09045561867C10500FA81B4 /* en */,
			);
			name = InfoPlist.strings;
			sourceTree = "<group>";
		};
/* End PBXVariantGroup section */

/* Begin XCBuildConfiguration section */
		E090455A1867C10500FA81B4 /* Debug */ = {
			isa = XCBuildConfiguration;
			buildSettings = {
				ALWAYS_SEARCH_USER_PATHS = NO;
				ARCHS = "$(ARCHS_STANDARD_INCLUDING_64_BIT)";
				CLANG_CXX_LANGUAGE_STANDARD = "gnu++0x";
				CLANG_CXX_LIBRARY = "libc++";
				CLANG_ENABLE_MODULES = YES;
				CLANG_ENABLE_OBJC_ARC = YES;
				CLANG_WARN_BOOL_CONVERSION = YES;
				CLANG_WARN_CONSTANT_CONVERSION = YES;
				CLANG_WARN_DIRECT_OBJC_ISA_USAGE = YES_ERROR;
				CLANG_WARN_EMPTY_BODY = YES;
				CLANG_WARN_ENUM_CONVERSION = YES;
				CLANG_WARN_INT_CONVERSION = YES;
				CLANG_WARN_OBJC_ROOT_CLASS = YES_ERROR;
				CLANG_WARN__DUPLICATE_METHOD_MATCH = YES;
				"CODE_SIGN_IDENTITY[sdk=iphoneos*]" = "iPhone Developer";
				COPY_PHASE_STRIP = NO;
				GCC_C_LANGUAGE_STANDARD = gnu99;
				GCC_DYNAMIC_NO_PIC = NO;
				GCC_OPTIMIZATION_LEVEL = 0;
				GCC_PREPROCESSOR_DEFINITIONS = (
					"DEBUG=1",
					"$(inherited)",
				);
				GCC_SYMBOLS_PRIVATE_EXTERN = NO;
				GCC_WARN_64_TO_32_BIT_CONVERSION = YES;
				GCC_WARN_ABOUT_RETURN_TYPE = YES_ERROR;
				GCC_WARN_UNDECLARED_SELECTOR = YES;
				GCC_WARN_UNINITIALIZED_AUTOS = YES;
				GCC_WARN_UNUSED_FUNCTION = YES;
				GCC_WARN_UNUSED_VARIABLE = YES;
				IPHONEOS_DEPLOYMENT_TARGET = 7.0;
				ONLY_ACTIVE_ARCH = YES;
				SDKROOT = iphoneos;
				TARGETED_DEVICE_FAMILY = "1,2";
			};
			name = Debug;
		};
		E090455B1867C10500FA81B4 /* Release */ = {
			isa = XCBuildConfiguration;
			buildSettings = {
				ALWAYS_SEARCH_USER_PATHS = NO;
				ARCHS = "$(ARCHS_STANDARD_INCLUDING_64_BIT)";
				CLANG_CXX_LANGUAGE_STANDARD = "gnu++0x";
				CLANG_CXX_LIBRARY = "libc++";
				CLANG_ENABLE_MODULES = YES;
				CLANG_ENABLE_OBJC_ARC = YES;
				CLANG_WARN_BOOL_CONVERSION = YES;
				CLANG_WARN_CONSTANT_CONVERSION = YES;
				CLANG_WARN_DIRECT_OBJC_ISA_USAGE = YES_ERROR;
				CLANG_WARN_EMPTY_BODY = YES;
				CLANG_WARN_ENUM_CONVERSION = YES;
				CLANG_WARN_INT_CONVERSION = YES;
				CLANG_WARN_OBJC_ROOT_CLASS = YES_ERROR;
				CLANG_WARN__DUPLICATE_METHOD_MATCH = YES;
				"CODE_SIGN_IDENTITY[sdk=iphoneos*]" = "iPhone Developer";
				COPY_PHASE_STRIP = YES;
				ENABLE_NS_ASSERTIONS = NO;
				GCC_C_LANGUAGE_STANDARD = gnu99;
				GCC_WARN_64_TO_32_BIT_CONVERSION = YES;
				GCC_WARN_ABOUT_RETURN_TYPE = YES_ERROR;
				GCC_WARN_UNDECLARED_SELECTOR = YES;
				GCC_WARN_UNINITIALIZED_AUTOS = YES;
				GCC_WARN_UNUSED_FUNCTION = YES;
				GCC_WARN_UNUSED_VARIABLE = YES;
				IPHONEOS_DEPLOYMENT_TARGET = 7.0;
				SDKROOT = iphoneos;
				TARGETED_DEVICE_FAMILY = "1,2";
				VALIDATE_PRODUCT = YES;
			};
			name = Release;
		};
		E090455D1867C10500FA81B4 /* Debug */ = {
			isa = XCBuildConfiguration;
			buildSettings = {
				ASSETCATALOG_COMPILER_APPICON_NAME = AppIcon;
				ASSETCATALOG_COMPILER_LAUNCHIMAGE_NAME = LaunchImage;
				GCC_PRECOMPILE_PREFIX_HEADER = YES;
				GCC_PREFIX_HEADER = "yawhide/yawhide-Prefix.pch";
				INFOPLIST_FILE = "yawhide/yawhide-Info.plist";
				PRODUCT_NAME = "$(TARGET_NAME)";
				WRAPPER_EXTENSION = app;
			};
			name = Debug;
		};
		E090455E1867C10500FA81B4 /* Release */ = {
			isa = XCBuildConfiguration;
			buildSettings = {
				ASSETCATALOG_COMPILER_APPICON_NAME = AppIcon;
				ASSETCATALOG_COMPILER_LAUNCHIMAGE_NAME = LaunchImage;
				GCC_PRECOMPILE_PREFIX_HEADER = YES;
				GCC_PREFIX_HEADER = "yawhide/yawhide-Prefix.pch";
				INFOPLIST_FILE = "yawhide/yawhide-Info.plist";
				PRODUCT_NAME = "$(TARGET_NAME)";
				WRAPPER_EXTENSION = app;
			};
			name = Release;
		};
		E09045601867C10500FA81B4 /* Debug */ = {
			isa = XCBuildConfiguration;
			buildSettings = {
				ARCHS = "$(ARCHS_STANDARD_INCLUDING_64_BIT)";
				BUNDLE_LOADER = "$(BUILT_PRODUCTS_DIR)/yawhide.app/yawhide";
				FRAMEWORK_SEARCH_PATHS = (
					"$(SDKROOT)/Developer/Library/Frameworks",
					"$(inherited)",
					"$(DEVELOPER_FRAMEWORKS_DIR)",
				);
				GCC_PRECOMPILE_PREFIX_HEADER = YES;
				GCC_PREFIX_HEADER = "yawhide/yawhide-Prefix.pch";
				GCC_PREPROCESSOR_DEFINITIONS = (
					"DEBUG=1",
					"$(inherited)",
				);
				INFOPLIST_FILE = "yawhideTests/yawhideTests-Info.plist";
				PRODUCT_NAME = "$(TARGET_NAME)";
				TEST_HOST = "$(BUNDLE_LOADER)";
				WRAPPER_EXTENSION = xctest;
			};
			name = Debug;
		};
		E09045611867C10500FA81B4 /* Release */ = {
			isa = XCBuildConfiguration;
			buildSettings = {
				ARCHS = "$(ARCHS_STANDARD_INCLUDING_64_BIT)";
				BUNDLE_LOADER = "$(BUILT_PRODUCTS_DIR)/yawhide.app/yawhide";
				FRAMEWORK_SEARCH_PATHS = (
					"$(SDKROOT)/Developer/Library/Frameworks",
					"$(inherited)",
					"$(DEVELOPER_FRAMEWORKS_DIR)",
				);
				GCC_PRECOMPILE_PREFIX_HEADER = YES;
				GCC_PREFIX_HEADER = "yawhide/yawhide-Prefix.pch";
				INFOPLIST_FILE = "yawhideTests/yawhideTests-Info.plist";
				PRODUCT_NAME = "$(TARGET_NAME)";
				TEST_HOST = "$(BUNDLE_LOADER)";
				WRAPPER_EXTENSION = xctest;
			};
			name = Release;
		};
/* End XCBuildConfiguration section */

/* Begin XCConfigurationList section */
		E09045221867C10500FA81B4 /* Build configuration list for PBXProject "yawhide" */ = {
			isa = XCConfigurationList;
			buildConfigurations = (
				E090455A1867C10500FA81B4 /* Debug */,
				E090455B1867C10500FA81B4 /* Release */,
			);
			defaultConfigurationIsVisible = 0;
			defaultConfigurationName = Release;
		};
		E090455C1867C10500FA81B4 /* Build configuration list for PBXNativeTarget "yawhide" */ = {
			isa = XCConfigurationList;
			buildConfigurations = (
				E090455D1867C10500FA81B4 /* Debug */,
				E090455E1867C10500FA81B4 /* Release */,
			);
			defaultConfigurationIsVisible = 0;
			defaultConfigurationName = Release;
		};
		E090455F1867C10500FA81B4 /* Build configuration list for PBXNativeTarget "yawhideTests" */ = {
			isa = XCConfigurationList;
			buildConfigurations = (
				E09045601867C10500FA81B4 /* Debug */,
				E09045611867C10500FA81B4 /* Release */,
			);
			defaultConfigurationIsVisible = 0;
			defaultConfigurationName = Release;
		};
/* End XCConfigurationList section */
	};
	rootObject = E090451F1867C10500FA81B4 /* Project object */;
}
